// !$*UTF8*$!
{
	archiveVersion = 1;
	classes = {
	};
	objectVersion = 50;
	objects = {

/* Begin PBXBuildFile section */
		5941C80923CA4BD6000DE70A /* NetworkManager.swift in Sources */ = {isa = PBXBuildFile; fileRef = 5941C80823CA4BD6000DE70A /* NetworkManager.swift */; };
		5941C80C23CAC5D0000DE70A /* ErrorMessage.swift in Sources */ = {isa = PBXBuildFile; fileRef = 5941C80B23CAC5D0000DE70A /* ErrorMessage.swift */; };
		5941C80F23CBAB99000DE70A /* FollowerCell.swift in Sources */ = {isa = PBXBuildFile; fileRef = 5941C80E23CBAB99000DE70A /* FollowerCell.swift */; };
		5941C81123CBAC33000DE70A /* GFAvatarImageView.swift in Sources */ = {isa = PBXBuildFile; fileRef = 5941C81023CBAC33000DE70A /* GFAvatarImageView.swift */; };
		5941C81323CBF608000DE70A /* UIHelper.swift in Sources */ = {isa = PBXBuildFile; fileRef = 5941C81223CBF608000DE70A /* UIHelper.swift */; };
		5941C81B23CF8305000DE70A /* GFEmptyStateView.swift in Sources */ = {isa = PBXBuildFile; fileRef = 5941C81A23CF8305000DE70A /* GFEmptyStateView.swift */; };
		5941C81D23CFFD66000DE70A /* UserInfoVC.swift in Sources */ = {isa = PBXBuildFile; fileRef = 5941C81C23CFFD66000DE70A /* UserInfoVC.swift */; };
		5960C3EB23DA5BCB000D32D1 /* GFUserInfoHeaderVC.swift in Sources */ = {isa = PBXBuildFile; fileRef = 5960C3EA23DA5BCB000D32D1 /* GFUserInfoHeaderVC.swift */; };
		5960C3ED23DA5C30000D32D1 /* GFSecondaryTitleLabel.swift in Sources */ = {isa = PBXBuildFile; fileRef = 5960C3EC23DA5C30000D32D1 /* GFSecondaryTitleLabel.swift */; };
		5960C3EF23DA6309000D32D1 /* Constants.swift in Sources */ = {isa = PBXBuildFile; fileRef = 5960C3EE23DA6309000D32D1 /* Constants.swift */; };
		5960C3F123DA78FA000D32D1 /* GFItemInfoView.swift in Sources */ = {isa = PBXBuildFile; fileRef = 5960C3F023DA78FA000D32D1 /* GFItemInfoView.swift */; };
		5960C3F323DCD931000D32D1 /* GFItemInfoVC.swift in Sources */ = {isa = PBXBuildFile; fileRef = 5960C3F223DCD931000D32D1 /* GFItemInfoVC.swift */; };
		5960C3F523DCE69F000D32D1 /* GFRepoItemVC.swift in Sources */ = {isa = PBXBuildFile; fileRef = 5960C3F423DCE69F000D32D1 /* GFRepoItemVC.swift */; };
		5960C3F723DCE881000D32D1 /* GFFollowerItemVC.swift in Sources */ = {isa = PBXBuildFile; fileRef = 5960C3F623DCE881000D32D1 /* GFFollowerItemVC.swift */; };
		596D1B6623DE0BCA00EAEA7C /* PersistanceManager.swift in Sources */ = {isa = PBXBuildFile; fileRef = 596D1B6523DE0BCA00EAEA7C /* PersistanceManager.swift */; };
		596D1B6A23DE189800EAEA7C /* FavoriteCell.swift in Sources */ = {isa = PBXBuildFile; fileRef = 596D1B6923DE189800EAEA7C /* FavoriteCell.swift */; };
		596D1B6D23DFEC6100EAEA7C /* GHNetworkCapable.swift in Sources */ = {isa = PBXBuildFile; fileRef = 596D1B6C23DFEC6100EAEA7C /* GHNetworkCapable.swift */; };
		597402D723C15DC3005881A2 /* SearchVC.swift in Sources */ = {isa = PBXBuildFile; fileRef = 597402D623C15DC3005881A2 /* SearchVC.swift */; };
		597402D923C15DF6005881A2 /* FavoritesListVC.swift in Sources */ = {isa = PBXBuildFile; fileRef = 597402D823C15DF6005881A2 /* FavoritesListVC.swift */; };
		597402DB23C16234005881A2 /* GFButton.swift in Sources */ = {isa = PBXBuildFile; fileRef = 597402DA23C16234005881A2 /* GFButton.swift */; };
		597402DD23C1654B005881A2 /* GFTextField.swift in Sources */ = {isa = PBXBuildFile; fileRef = 597402DC23C1654B005881A2 /* GFTextField.swift */; };
		597402DF23C16F01005881A2 /* FollowerListVC.swift in Sources */ = {isa = PBXBuildFile; fileRef = 597402DE23C16F01005881A2 /* FollowerListVC.swift */; };
		597402E123C26937005881A2 /* GFTitleLabel.swift in Sources */ = {isa = PBXBuildFile; fileRef = 597402E023C26937005881A2 /* GFTitleLabel.swift */; };
		597402E323C26A90005881A2 /* GFBodyLabel.swift in Sources */ = {isa = PBXBuildFile; fileRef = 597402E223C26A90005881A2 /* GFBodyLabel.swift */; };
		597402E523C26B46005881A2 /* GFAlertVC.swift in Sources */ = {isa = PBXBuildFile; fileRef = 597402E423C26B46005881A2 /* GFAlertVC.swift */; };
		597402E723C27220005881A2 /* UIViewController+Extension.swift in Sources */ = {isa = PBXBuildFile; fileRef = 597402E623C27220005881A2 /* UIViewController+Extension.swift */; };
		597402ED23C2775D005881A2 /* GFAlertContainerView.swift in Sources */ = {isa = PBXBuildFile; fileRef = 597402EC23C2775D005881A2 /* GFAlertContainerView.swift */; };
		597402F023C63390005881A2 /* Follower.swift in Sources */ = {isa = PBXBuildFile; fileRef = 597402EF23C63390005881A2 /* Follower.swift */; };
		597402F223C633CC005881A2 /* User.swift in Sources */ = {isa = PBXBuildFile; fileRef = 597402F123C633CC005881A2 /* User.swift */; };
		59CA5B6223E244A3006CCF2F /* NetworkingHelper.swift in Sources */ = {isa = PBXBuildFile; fileRef = 59CA5B6123E244A3006CCF2F /* NetworkingHelper.swift */; };
		59CA5B6423E2455F006CCF2F /* GHNetworkModeling.swift in Sources */ = {isa = PBXBuildFile; fileRef = 59CA5B6323E2455F006CCF2F /* GHNetworkModeling.swift */; };
		59EC46BB23C1198B00145BBD /* AppDelegate.swift in Sources */ = {isa = PBXBuildFile; fileRef = 59EC46BA23C1198B00145BBD /* AppDelegate.swift */; };
		59EC46BD23C1198B00145BBD /* SceneDelegate.swift in Sources */ = {isa = PBXBuildFile; fileRef = 59EC46BC23C1198B00145BBD /* SceneDelegate.swift */; };
		59EC46C423C1198C00145BBD /* Assets.xcassets in Resources */ = {isa = PBXBuildFile; fileRef = 59EC46C323C1198C00145BBD /* Assets.xcassets */; };
		59EC46C723C1198C00145BBD /* LaunchScreen.storyboard in Resources */ = {isa = PBXBuildFile; fileRef = 59EC46C523C1198C00145BBD /* LaunchScreen.storyboard */; };
/* End PBXBuildFile section */

/* Begin PBXFileReference section */
		5941C80823CA4BD6000DE70A /* NetworkManager.swift */ = {isa = PBXFileReference; lastKnownFileType = sourcecode.swift; path = NetworkManager.swift; sourceTree = "<group>"; };
		5941C80B23CAC5D0000DE70A /* ErrorMessage.swift */ = {isa = PBXFileReference; lastKnownFileType = sourcecode.swift; path = ErrorMessage.swift; sourceTree = "<group>"; };
		5941C80E23CBAB99000DE70A /* FollowerCell.swift */ = {isa = PBXFileReference; lastKnownFileType = sourcecode.swift; path = FollowerCell.swift; sourceTree = "<group>"; };
		5941C81023CBAC33000DE70A /* GFAvatarImageView.swift */ = {isa = PBXFileReference; lastKnownFileType = sourcecode.swift; path = GFAvatarImageView.swift; sourceTree = "<group>"; };
		5941C81223CBF608000DE70A /* UIHelper.swift */ = {isa = PBXFileReference; lastKnownFileType = sourcecode.swift; path = UIHelper.swift; sourceTree = "<group>"; };
		5941C81A23CF8305000DE70A /* GFEmptyStateView.swift */ = {isa = PBXFileReference; lastKnownFileType = sourcecode.swift; path = GFEmptyStateView.swift; sourceTree = "<group>"; };
		5941C81C23CFFD66000DE70A /* UserInfoVC.swift */ = {isa = PBXFileReference; lastKnownFileType = sourcecode.swift; path = UserInfoVC.swift; sourceTree = "<group>"; };
		5960C3EA23DA5BCB000D32D1 /* GFUserInfoHeaderVC.swift */ = {isa = PBXFileReference; lastKnownFileType = sourcecode.swift; path = GFUserInfoHeaderVC.swift; sourceTree = "<group>"; };
		5960C3EC23DA5C30000D32D1 /* GFSecondaryTitleLabel.swift */ = {isa = PBXFileReference; lastKnownFileType = sourcecode.swift; path = GFSecondaryTitleLabel.swift; sourceTree = "<group>"; };
		5960C3EE23DA6309000D32D1 /* Constants.swift */ = {isa = PBXFileReference; lastKnownFileType = sourcecode.swift; path = Constants.swift; sourceTree = "<group>"; };
		5960C3F023DA78FA000D32D1 /* GFItemInfoView.swift */ = {isa = PBXFileReference; lastKnownFileType = sourcecode.swift; path = GFItemInfoView.swift; sourceTree = "<group>"; };
		5960C3F223DCD931000D32D1 /* GFItemInfoVC.swift */ = {isa = PBXFileReference; lastKnownFileType = sourcecode.swift; path = GFItemInfoVC.swift; sourceTree = "<group>"; };
		5960C3F423DCE69F000D32D1 /* GFRepoItemVC.swift */ = {isa = PBXFileReference; lastKnownFileType = sourcecode.swift; path = GFRepoItemVC.swift; sourceTree = "<group>"; };
		5960C3F623DCE881000D32D1 /* GFFollowerItemVC.swift */ = {isa = PBXFileReference; lastKnownFileType = sourcecode.swift; path = GFFollowerItemVC.swift; sourceTree = "<group>"; };
		596D1B6523DE0BCA00EAEA7C /* PersistanceManager.swift */ = {isa = PBXFileReference; lastKnownFileType = sourcecode.swift; path = PersistanceManager.swift; sourceTree = "<group>"; };
		596D1B6923DE189800EAEA7C /* FavoriteCell.swift */ = {isa = PBXFileReference; lastKnownFileType = sourcecode.swift; path = FavoriteCell.swift; sourceTree = "<group>"; };
		596D1B6C23DFEC6100EAEA7C /* GHNetworkCapable.swift */ = {isa = PBXFileReference; lastKnownFileType = sourcecode.swift; path = GHNetworkCapable.swift; sourceTree = "<group>"; };
		597402D623C15DC3005881A2 /* SearchVC.swift */ = {isa = PBXFileReference; lastKnownFileType = sourcecode.swift; path = SearchVC.swift; sourceTree = "<group>"; };
		597402D823C15DF6005881A2 /* FavoritesListVC.swift */ = {isa = PBXFileReference; lastKnownFileType = sourcecode.swift; path = FavoritesListVC.swift; sourceTree = "<group>"; };
		597402DA23C16234005881A2 /* GFButton.swift */ = {isa = PBXFileReference; lastKnownFileType = sourcecode.swift; path = GFButton.swift; sourceTree = "<group>"; };
		597402DC23C1654B005881A2 /* GFTextField.swift */ = {isa = PBXFileReference; lastKnownFileType = sourcecode.swift; path = GFTextField.swift; sourceTree = "<group>"; };
		597402DE23C16F01005881A2 /* FollowerListVC.swift */ = {isa = PBXFileReference; lastKnownFileType = sourcecode.swift; path = FollowerListVC.swift; sourceTree = "<group>"; };
		597402E023C26937005881A2 /* GFTitleLabel.swift */ = {isa = PBXFileReference; lastKnownFileType = sourcecode.swift; path = GFTitleLabel.swift; sourceTree = "<group>"; };
		597402E223C26A90005881A2 /* GFBodyLabel.swift */ = {isa = PBXFileReference; lastKnownFileType = sourcecode.swift; path = GFBodyLabel.swift; sourceTree = "<group>"; };
		597402E423C26B46005881A2 /* GFAlertVC.swift */ = {isa = PBXFileReference; lastKnownFileType = sourcecode.swift; path = GFAlertVC.swift; sourceTree = "<group>"; };
		597402E623C27220005881A2 /* UIViewController+Extension.swift */ = {isa = PBXFileReference; lastKnownFileType = sourcecode.swift; path = "UIViewController+Extension.swift"; sourceTree = "<group>"; };
		597402EC23C2775D005881A2 /* GFAlertContainerView.swift */ = {isa = PBXFileReference; lastKnownFileType = sourcecode.swift; path = GFAlertContainerView.swift; sourceTree = "<group>"; };
		597402EF23C63390005881A2 /* Follower.swift */ = {isa = PBXFileReference; lastKnownFileType = sourcecode.swift; path = Follower.swift; sourceTree = "<group>"; };
		597402F123C633CC005881A2 /* User.swift */ = {isa = PBXFileReference; lastKnownFileType = sourcecode.swift; path = User.swift; sourceTree = "<group>"; };
		5976B12C2400ADD5001DFCDD /* LICENSE */ = {isa = PBXFileReference; fileEncoding = 4; lastKnownFileType = text; path = LICENSE; sourceTree = SOURCE_ROOT; };
		5976B12D2400ADD5001DFCDD /* Package.swift */ = {isa = PBXFileReference; fileEncoding = 4; lastKnownFileType = sourcecode.swift; path = Package.swift; sourceTree = SOURCE_ROOT; };
		5976B12E2400ADD5001DFCDD /* README.md */ = {isa = PBXFileReference; fileEncoding = 4; lastKnownFileType = net.daringfireball.markdown; path = README.md; sourceTree = SOURCE_ROOT; };
		59CA5B6123E244A3006CCF2F /* NetworkingHelper.swift */ = {isa = PBXFileReference; lastKnownFileType = sourcecode.swift; path = NetworkingHelper.swift; sourceTree = "<group>"; };
		59CA5B6323E2455F006CCF2F /* GHNetworkModeling.swift */ = {isa = PBXFileReference; fileEncoding = 4; lastKnownFileType = sourcecode.swift; path = GHNetworkModeling.swift; sourceTree = "<group>"; };
		59EC46B723C1198B00145BBD /* GHFollowers.app */ = {isa = PBXFileReference; explicitFileType = wrapper.application; includeInIndex = 0; path = GHFollowers.app; sourceTree = BUILT_PRODUCTS_DIR; };
		59EC46BA23C1198B00145BBD /* AppDelegate.swift */ = {isa = PBXFileReference; lastKnownFileType = sourcecode.swift; path = AppDelegate.swift; sourceTree = "<group>"; };
		59EC46BC23C1198B00145BBD /* SceneDelegate.swift */ = {isa = PBXFileReference; lastKnownFileType = sourcecode.swift; path = SceneDelegate.swift; sourceTree = "<group>"; };
		59EC46C323C1198C00145BBD /* Assets.xcassets */ = {isa = PBXFileReference; lastKnownFileType = folder.assetcatalog; path = Assets.xcassets; sourceTree = "<group>"; };
		59EC46C623C1198C00145BBD /* Base */ = {isa = PBXFileReference; lastKnownFileType = file.storyboard; name = Base; path = Base.lproj/LaunchScreen.storyboard; sourceTree = "<group>"; };
		59EC46C823C1198C00145BBD /* Info.plist */ = {isa = PBXFileReference; lastKnownFileType = text.plist.xml; path = Info.plist; sourceTree = "<group>"; };
/* End PBXFileReference section */

/* Begin PBXFrameworksBuildPhase section */
		59EC46B423C1198B00145BBD /* Frameworks */ = {
			isa = PBXFrameworksBuildPhase;
			buildActionMask = 2147483647;
			files = (
			);
			runOnlyForDeploymentPostprocessing = 0;
		};
/* End PBXFrameworksBuildPhase section */

/* Begin PBXGroup section */
		5941C80723CA4BC4000DE70A /* Managers */ = {
			isa = PBXGroup;
			children = (
				5941C80823CA4BD6000DE70A /* NetworkManager.swift */,
				596D1B6523DE0BCA00EAEA7C /* PersistanceManager.swift */,
			);
			path = Managers;
			sourceTree = "<group>";
		};
		5941C80A23CAC5BC000DE70A /* Utilities */ = {
			isa = PBXGroup;
			children = (
				5941C80B23CAC5D0000DE70A /* ErrorMessage.swift */,
				5941C81223CBF608000DE70A /* UIHelper.swift */,
				5960C3EE23DA6309000D32D1 /* Constants.swift */,
				59CA5B6123E244A3006CCF2F /* NetworkingHelper.swift */,
			);
			path = Utilities;
			sourceTree = "<group>";
		};
		5941C80D23CBAB78000DE70A /* Cells */ = {
			isa = PBXGroup;
			children = (
				5941C80E23CBAB99000DE70A /* FollowerCell.swift */,
				596D1B6923DE189800EAEA7C /* FavoriteCell.swift */,
			);
			path = Cells;
			sourceTree = "<group>";
		};
		5941C81423CF828F000DE70A /* Views */ = {
			isa = PBXGroup;
			children = (
				597402EC23C2775D005881A2 /* GFAlertContainerView.swift */,
				5941C81A23CF8305000DE70A /* GFEmptyStateView.swift */,
				5960C3F023DA78FA000D32D1 /* GFItemInfoView.swift */,
			);
			path = Views;
			sourceTree = "<group>";
		};
		5941C81523CF8299000DE70A /* Buttons */ = {
			isa = PBXGroup;
			children = (
				597402DA23C16234005881A2 /* GFButton.swift */,
			);
			path = Buttons;
			sourceTree = "<group>";
		};
		5941C81623CF829E000DE70A /* TextFields */ = {
			isa = PBXGroup;
			children = (
				597402DC23C1654B005881A2 /* GFTextField.swift */,
			);
			path = TextFields;
			sourceTree = "<group>";
		};
		5941C81723CF82A6000DE70A /* ImageViews */ = {
			isa = PBXGroup;
			children = (
				5941C81023CBAC33000DE70A /* GFAvatarImageView.swift */,
			);
			path = ImageViews;
			sourceTree = "<group>";
		};
		5941C81823CF82B2000DE70A /* ViewControllers */ = {
			isa = PBXGroup;
			children = (
				5960C3F823DCE8EF000D32D1 /* ItemInfoVCs */,
				597402E423C26B46005881A2 /* GFAlertVC.swift */,
				5960C3EA23DA5BCB000D32D1 /* GFUserInfoHeaderVC.swift */,
			);
			path = ViewControllers;
			sourceTree = "<group>";
		};
		5941C81923CF82C0000DE70A /* Labels */ = {
			isa = PBXGroup;
			children = (
				597402E023C26937005881A2 /* GFTitleLabel.swift */,
				5960C3EC23DA5C30000D32D1 /* GFSecondaryTitleLabel.swift */,
				597402E223C26A90005881A2 /* GFBodyLabel.swift */,
			);
			path = Labels;
			sourceTree = "<group>";
		};
		5960C3F823DCE8EF000D32D1 /* ItemInfoVCs */ = {
			isa = PBXGroup;
			children = (
				5960C3F223DCD931000D32D1 /* GFItemInfoVC.swift */,
				5960C3F623DCE881000D32D1 /* GFFollowerItemVC.swift */,
				5960C3F423DCE69F000D32D1 /* GFRepoItemVC.swift */,
			);
			path = ItemInfoVCs;
			sourceTree = "<group>";
		};
		596D1B6B23DFEC4300EAEA7C /* Protocols */ = {
			isa = PBXGroup;
			children = (
				596D1B6C23DFEC6100EAEA7C /* GHNetworkCapable.swift */,
				59CA5B6323E2455F006CCF2F /* GHNetworkModeling.swift */,
			);
			path = Protocols;
			sourceTree = "<group>";
		};
		597402E823C27472005881A2 /* Screens */ = {
			isa = PBXGroup;
			children = (
				597402D623C15DC3005881A2 /* SearchVC.swift */,
				597402D823C15DF6005881A2 /* FavoritesListVC.swift */,
				597402DE23C16F01005881A2 /* FollowerListVC.swift */,
				5941C81C23CFFD66000DE70A /* UserInfoVC.swift */,
			);
			path = Screens;
			sourceTree = "<group>";
		};
		597402E923C274A1005881A2 /* Custom Views */ = {
			isa = PBXGroup;
			children = (
				5941C81523CF8299000DE70A /* Buttons */,
				5941C80D23CBAB78000DE70A /* Cells */,
				5941C81723CF82A6000DE70A /* ImageViews */,
				5941C81923CF82C0000DE70A /* Labels */,
				5941C81623CF829E000DE70A /* TextFields */,
				5941C81823CF82B2000DE70A /* ViewControllers */,
				5941C81423CF828F000DE70A /* Views */,
			);
			path = "Custom Views";
			sourceTree = "<group>";
		};
		597402EA23C274E9005881A2 /* Extensions */ = {
			isa = PBXGroup;
			children = (
				597402E623C27220005881A2 /* UIViewController+Extension.swift */,
			);
			path = Extensions;
			sourceTree = "<group>";
		};
		597402EB23C2753A005881A2 /* Support */ = {
			isa = PBXGroup;
			children = (
				59EC46BA23C1198B00145BBD /* AppDelegate.swift */,
				59EC46BC23C1198B00145BBD /* SceneDelegate.swift */,
				59EC46C323C1198C00145BBD /* Assets.xcassets */,
				59EC46C523C1198C00145BBD /* LaunchScreen.storyboard */,
				59EC46C823C1198C00145BBD /* Info.plist */,
			);
			path = Support;
			sourceTree = "<group>";
		};
		597402EE23C63381005881A2 /* Model */ = {
			isa = PBXGroup;
			children = (
				597402EF23C63390005881A2 /* Follower.swift */,
				597402F123C633CC005881A2 /* User.swift */,
			);
			path = Model;
			sourceTree = "<group>";
		};
		5976B12B2400ADBB001DFCDD /* Package */ = {
			isa = PBXGroup;
			children = (
				5976B12C2400ADD5001DFCDD /* LICENSE */,
				5976B12D2400ADD5001DFCDD /* Package.swift */,
				5976B12E2400ADD5001DFCDD /* README.md */,
			);
			path = Package;
			sourceTree = "<group>";
		};
		59EC46AE23C1198B00145BBD = {
			isa = PBXGroup;
			children = (
				59EC46B923C1198B00145BBD /* GHFollowers */,
				59EC46B823C1198B00145BBD /* Products */,
			);
			sourceTree = "<group>";
		};
		59EC46B823C1198B00145BBD /* Products */ = {
			isa = PBXGroup;
			children = (
				59EC46B723C1198B00145BBD /* GHFollowers.app */,
			);
			name = Products;
			sourceTree = "<group>";
		};
		59EC46B923C1198B00145BBD /* GHFollowers */ = {
			isa = PBXGroup;
			children = (
				596D1B6B23DFEC4300EAEA7C /* Protocols */,
				5941C80A23CAC5BC000DE70A /* Utilities */,
				5941C80723CA4BC4000DE70A /* Managers */,
				597402EE23C63381005881A2 /* Model */,
				597402EA23C274E9005881A2 /* Extensions */,
				597402E923C274A1005881A2 /* Custom Views */,
				597402E823C27472005881A2 /* Screens */,
				5976B12B2400ADBB001DFCDD /* Package */,
				597402EB23C2753A005881A2 /* Support */,
			);
			path = GHFollowers;
			sourceTree = "<group>";
		};
/* End PBXGroup section */

/* Begin PBXNativeTarget section */
		59EC46B623C1198B00145BBD /* GHFollowers */ = {
			isa = PBXNativeTarget;
			buildConfigurationList = 59EC46CB23C1198C00145BBD /* Build configuration list for PBXNativeTarget "GHFollowers" */;
			buildPhases = (
				59EC46B323C1198B00145BBD /* Sources */,
				59EC46B423C1198B00145BBD /* Frameworks */,
				59EC46B523C1198B00145BBD /* Resources */,
			);
			buildRules = (
			);
			dependencies = (
			);
			name = GHFollowers;
			productName = GHFollowers;
			productReference = 59EC46B723C1198B00145BBD /* GHFollowers.app */;
			productType = "com.apple.product-type.application";
		};
/* End PBXNativeTarget section */

/* Begin PBXProject section */
		59EC46AF23C1198B00145BBD /* Project object */ = {
			isa = PBXProject;
			attributes = {
				LastSwiftUpdateCheck = 1130;
				LastUpgradeCheck = 1130;
				ORGANIZATIONNAME = "Tito Ciuro";
				TargetAttributes = {
					59EC46B623C1198B00145BBD = {
						CreatedOnToolsVersion = 11.3;
					};
				};
			};
			buildConfigurationList = 59EC46B223C1198B00145BBD /* Build configuration list for PBXProject "GHFollowers" */;
			compatibilityVersion = "Xcode 9.3";
			developmentRegion = en;
			hasScannedForEncodings = 0;
			knownRegions = (
				en,
				Base,
			);
			mainGroup = 59EC46AE23C1198B00145BBD;
			productRefGroup = 59EC46B823C1198B00145BBD /* Products */;
			projectDirPath = "";
			projectRoot = "";
			targets = (
				59EC46B623C1198B00145BBD /* GHFollowers */,
			);
		};
/* End PBXProject section */

/* Begin PBXResourcesBuildPhase section */
		59EC46B523C1198B00145BBD /* Resources */ = {
			isa = PBXResourcesBuildPhase;
			buildActionMask = 2147483647;
			files = (
				59EC46C723C1198C00145BBD /* LaunchScreen.storyboard in Resources */,
				59EC46C423C1198C00145BBD /* Assets.xcassets in Resources */,
			);
			runOnlyForDeploymentPostprocessing = 0;
		};
/* End PBXResourcesBuildPhase section */

/* Begin PBXSourcesBuildPhase section */
		59EC46B323C1198B00145BBD /* Sources */ = {
			isa = PBXSourcesBuildPhase;
			buildActionMask = 2147483647;
			files = (
				596D1B6D23DFEC6100EAEA7C /* GHNetworkCapable.swift in Sources */,
				5941C80F23CBAB99000DE70A /* FollowerCell.swift in Sources */,
				597402ED23C2775D005881A2 /* GFAlertContainerView.swift in Sources */,
				597402DD23C1654B005881A2 /* GFTextField.swift in Sources */,
				5960C3EB23DA5BCB000D32D1 /* GFUserInfoHeaderVC.swift in Sources */,
				597402E723C27220005881A2 /* UIViewController+Extension.swift in Sources */,
				596D1B6623DE0BCA00EAEA7C /* PersistanceManager.swift in Sources */,
				597402D923C15DF6005881A2 /* FavoritesListVC.swift in Sources */,
				5941C81B23CF8305000DE70A /* GFEmptyStateView.swift in Sources */,
				5960C3ED23DA5C30000D32D1 /* GFSecondaryTitleLabel.swift in Sources */,
				597402DB23C16234005881A2 /* GFButton.swift in Sources */,
				597402D723C15DC3005881A2 /* SearchVC.swift in Sources */,
				597402F223C633CC005881A2 /* User.swift in Sources */,
				5941C81123CBAC33000DE70A /* GFAvatarImageView.swift in Sources */,
				5960C3F523DCE69F000D32D1 /* GFRepoItemVC.swift in Sources */,
				597402E523C26B46005881A2 /* GFAlertVC.swift in Sources */,
				5941C81D23CFFD66000DE70A /* UserInfoVC.swift in Sources */,
				597402F023C63390005881A2 /* Follower.swift in Sources */,
				597402E323C26A90005881A2 /* GFBodyLabel.swift in Sources */,
				597402E123C26937005881A2 /* GFTitleLabel.swift in Sources */,
				597402DF23C16F01005881A2 /* FollowerListVC.swift in Sources */,
				5960C3F323DCD931000D32D1 /* GFItemInfoVC.swift in Sources */,
				5960C3F723DCE881000D32D1 /* GFFollowerItemVC.swift in Sources */,
				5941C80C23CAC5D0000DE70A /* ErrorMessage.swift in Sources */,
				59CA5B6423E2455F006CCF2F /* GHNetworkModeling.swift in Sources */,
				5941C81323CBF608000DE70A /* UIHelper.swift in Sources */,
				59CA5B6223E244A3006CCF2F /* NetworkingHelper.swift in Sources */,
				5941C80923CA4BD6000DE70A /* NetworkManager.swift in Sources */,
				59EC46BB23C1198B00145BBD /* AppDelegate.swift in Sources */,
				5960C3F123DA78FA000D32D1 /* GFItemInfoView.swift in Sources */,
				596D1B6A23DE189800EAEA7C /* FavoriteCell.swift in Sources */,
				59EC46BD23C1198B00145BBD /* SceneDelegate.swift in Sources */,
				5960C3EF23DA6309000D32D1 /* Constants.swift in Sources */,
			);
			runOnlyForDeploymentPostprocessing = 0;
		};
/* End PBXSourcesBuildPhase section */

/* Begin PBXVariantGroup section */
		59EC46C523C1198C00145BBD /* LaunchScreen.storyboard */ = {
			isa = PBXVariantGroup;
			children = (
				59EC46C623C1198C00145BBD /* Base */,
			);
			name = LaunchScreen.storyboard;
			sourceTree = "<group>";
		};
/* End PBXVariantGroup section */

/* Begin XCBuildConfiguration section */
		59EC46C923C1198C00145BBD /* Debug */ = {
			isa = XCBuildConfiguration;
			buildSettings = {
				ALWAYS_SEARCH_USER_PATHS = NO;
				CLANG_ANALYZER_NONNULL = YES;
				CLANG_ANALYZER_NUMBER_OBJECT_CONVERSION = YES_AGGRESSIVE;
				CLANG_CXX_LANGUAGE_STANDARD = "gnu++14";
				CLANG_CXX_LIBRARY = "libc++";
				CLANG_ENABLE_MODULES = YES;
				CLANG_ENABLE_OBJC_ARC = YES;
				CLANG_ENABLE_OBJC_WEAK = YES;
				CLANG_WARN_BLOCK_CAPTURE_AUTORELEASING = YES;
				CLANG_WARN_BOOL_CONVERSION = YES;
				CLANG_WARN_COMMA = YES;
				CLANG_WARN_CONSTANT_CONVERSION = YES;
				CLANG_WARN_DEPRECATED_OBJC_IMPLEMENTATIONS = YES;
				CLANG_WARN_DIRECT_OBJC_ISA_USAGE = YES_ERROR;
				CLANG_WARN_DOCUMENTATION_COMMENTS = YES;
				CLANG_WARN_EMPTY_BODY = YES;
				CLANG_WARN_ENUM_CONVERSION = YES;
				CLANG_WARN_INFINITE_RECURSION = YES;
				CLANG_WARN_INT_CONVERSION = YES;
				CLANG_WARN_NON_LITERAL_NULL_CONVERSION = YES;
				CLANG_WARN_OBJC_IMPLICIT_RETAIN_SELF = YES;
				CLANG_WARN_OBJC_LITERAL_CONVERSION = YES;
				CLANG_WARN_OBJC_ROOT_CLASS = YES_ERROR;
				CLANG_WARN_RANGE_LOOP_ANALYSIS = YES;
				CLANG_WARN_STRICT_PROTOTYPES = YES;
				CLANG_WARN_SUSPICIOUS_MOVE = YES;
				CLANG_WARN_UNGUARDED_AVAILABILITY = YES_AGGRESSIVE;
				CLANG_WARN_UNREACHABLE_CODE = YES;
				CLANG_WARN__DUPLICATE_METHOD_MATCH = YES;
				COPY_PHASE_STRIP = NO;
				DEBUG_INFORMATION_FORMAT = dwarf;
				ENABLE_STRICT_OBJC_MSGSEND = YES;
				ENABLE_TESTABILITY = YES;
				GCC_C_LANGUAGE_STANDARD = gnu11;
				GCC_DYNAMIC_NO_PIC = NO;
				GCC_NO_COMMON_BLOCKS = YES;
				GCC_OPTIMIZATION_LEVEL = 0;
				GCC_PREPROCESSOR_DEFINITIONS = (
					"DEBUG=1",
					"$(inherited)",
				);
				GCC_WARN_64_TO_32_BIT_CONVERSION = YES;
				GCC_WARN_ABOUT_RETURN_TYPE = YES_ERROR;
				GCC_WARN_UNDECLARED_SELECTOR = YES;
				GCC_WARN_UNINITIALIZED_AUTOS = YES_AGGRESSIVE;
				GCC_WARN_UNUSED_FUNCTION = YES;
				GCC_WARN_UNUSED_VARIABLE = YES;
				IPHONEOS_DEPLOYMENT_TARGET = 13.2;
				MTL_ENABLE_DEBUG_INFO = INCLUDE_SOURCE;
				MTL_FAST_MATH = YES;
				ONLY_ACTIVE_ARCH = YES;
				SDKROOT = iphoneos;
				SWIFT_ACTIVE_COMPILATION_CONDITIONS = DEBUG;
				SWIFT_OPTIMIZATION_LEVEL = "-Onone";
			};
			name = Debug;
		};
		59EC46CA23C1198C00145BBD /* Release */ = {
			isa = XCBuildConfiguration;
			buildSettings = {
				ALWAYS_SEARCH_USER_PATHS = NO;
				CLANG_ANALYZER_NONNULL = YES;
				CLANG_ANALYZER_NUMBER_OBJECT_CONVERSION = YES_AGGRESSIVE;
				CLANG_CXX_LANGUAGE_STANDARD = "gnu++14";
				CLANG_CXX_LIBRARY = "libc++";
				CLANG_ENABLE_MODULES = YES;
				CLANG_ENABLE_OBJC_ARC = YES;
				CLANG_ENABLE_OBJC_WEAK = YES;
				CLANG_WARN_BLOCK_CAPTURE_AUTORELEASING = YES;
				CLANG_WARN_BOOL_CONVERSION = YES;
				CLANG_WARN_COMMA = YES;
				CLANG_WARN_CONSTANT_CONVERSION = YES;
				CLANG_WARN_DEPRECATED_OBJC_IMPLEMENTATIONS = YES;
				CLANG_WARN_DIRECT_OBJC_ISA_USAGE = YES_ERROR;
				CLANG_WARN_DOCUMENTATION_COMMENTS = YES;
				CLANG_WARN_EMPTY_BODY = YES;
				CLANG_WARN_ENUM_CONVERSION = YES;
				CLANG_WARN_INFINITE_RECURSION = YES;
				CLANG_WARN_INT_CONVERSION = YES;
				CLANG_WARN_NON_LITERAL_NULL_CONVERSION = YES;
				CLANG_WARN_OBJC_IMPLICIT_RETAIN_SELF = YES;
				CLANG_WARN_OBJC_LITERAL_CONVERSION = YES;
				CLANG_WARN_OBJC_ROOT_CLASS = YES_ERROR;
				CLANG_WARN_RANGE_LOOP_ANALYSIS = YES;
				CLANG_WARN_STRICT_PROTOTYPES = YES;
				CLANG_WARN_SUSPICIOUS_MOVE = YES;
				CLANG_WARN_UNGUARDED_AVAILABILITY = YES_AGGRESSIVE;
				CLANG_WARN_UNREACHABLE_CODE = YES;
				CLANG_WARN__DUPLICATE_METHOD_MATCH = YES;
				COPY_PHASE_STRIP = NO;
				DEBUG_INFORMATION_FORMAT = "dwarf-with-dsym";
				ENABLE_NS_ASSERTIONS = NO;
				ENABLE_STRICT_OBJC_MSGSEND = YES;
				GCC_C_LANGUAGE_STANDARD = gnu11;
				GCC_NO_COMMON_BLOCKS = YES;
				GCC_WARN_64_TO_32_BIT_CONVERSION = YES;
				GCC_WARN_ABOUT_RETURN_TYPE = YES_ERROR;
				GCC_WARN_UNDECLARED_SELECTOR = YES;
				GCC_WARN_UNINITIALIZED_AUTOS = YES_AGGRESSIVE;
				GCC_WARN_UNUSED_FUNCTION = YES;
				GCC_WARN_UNUSED_VARIABLE = YES;
				IPHONEOS_DEPLOYMENT_TARGET = 13.2;
				MTL_ENABLE_DEBUG_INFO = NO;
				MTL_FAST_MATH = YES;
				SDKROOT = iphoneos;
				SWIFT_COMPILATION_MODE = wholemodule;
				SWIFT_OPTIMIZATION_LEVEL = "-O";
				VALIDATE_PRODUCT = YES;
			};
			name = Release;
		};
		59EC46CC23C1198C00145BBD /* Debug */ = {
			isa = XCBuildConfiguration;
			buildSettings = {
				ASSETCATALOG_COMPILER_APPICON_NAME = AppIcon;
				CODE_SIGN_STYLE = Automatic;
				DEVELOPMENT_TEAM = HPSB745WH7;
				INFOPLIST_FILE = GHFollowers/Support/Info.plist;
				LD_RUNPATH_SEARCH_PATHS = (
					"$(inherited)",
					"@executable_path/Frameworks",
				);
				PRODUCT_BUNDLE_IDENTIFIER = com.webbo.GHFollowers;
				PRODUCT_NAME = "$(TARGET_NAME)";
				SWIFT_VERSION = 5.0;
				TARGETED_DEVICE_FAMILY = 1;
			};
			name = Debug;
		};
		59EC46CD23C1198C00145BBD /* Release */ = {
			isa = XCBuildConfiguration;
			buildSettings = {
				ASSETCATALOG_COMPILER_APPICON_NAME = AppIcon;
				CODE_SIGN_STYLE = Automatic;
				DEVELOPMENT_TEAM = HPSB745WH7;
				INFOPLIST_FILE = GHFollowers/Support/Info.plist;
				LD_RUNPATH_SEARCH_PATHS = (
					"$(inherited)",
					"@executable_path/Frameworks",
				);
				PRODUCT_BUNDLE_IDENTIFIER = com.webbo.GHFollowers;
				PRODUCT_NAME = "$(TARGET_NAME)";
				SWIFT_VERSION = 5.0;
				TARGETED_DEVICE_FAMILY = 1;
			};
			name = Release;
		};
/* End XCBuildConfiguration section */

/* Begin XCConfigurationList section */
		59EC46B223C1198B00145BBD /* Build configuration list for PBXProject "GHFollowers" */ = {
			isa = XCConfigurationList;
			buildConfigurations = (
				59EC46C923C1198C00145BBD /* Debug */,
				59EC46CA23C1198C00145BBD /* Release */,
			);
			defaultConfigurationIsVisible = 0;
			defaultConfigurationName = Release;
		};
		59EC46CB23C1198C00145BBD /* Build configuration list for PBXNativeTarget "GHFollowers" */ = {
			isa = XCConfigurationList;
			buildConfigurations = (
				59EC46CC23C1198C00145BBD /* Debug */,
				59EC46CD23C1198C00145BBD /* Release */,
			);
			defaultConfigurationIsVisible = 0;
			defaultConfigurationName = Release;
		};
/* End XCConfigurationList section */
	};
	rootObject = 59EC46AF23C1198B00145BBD /* Project object */;
}
